PODS:
  - Analytics (4.1.8)
  - AXSwift (0.3.1)
  - MASShortcut (2.4.0)
  - Preferences (2.5.0)
  - RxCocoa (5.1.3):
    - RxRelay (~> 5)
    - RxSwift (~> 5)
  - RxRelay (5.1.3):
    - RxSwift (~> 5)
  - RxSwift (5.1.3)
  - Sparkle (2.7.0)

DEPENDENCIES:
  - Analytics (~> 4.1)
  - AXSwift (~> 0.2)
  - MASShortcut
  - Preferences
  - RxCocoa (~> 5)
  - RxSwift (~> 5)
  - Sparkle

SPEC REPOS:
  trunk:
    - Analytics
    - AXSwift
    - MASShortcut
    - Preferences
    - RxCocoa
    - RxRelay
    - RxSwift
    - Sparkle

SPEC CHECKSUMS:
  Analytics: 9655e0e1c71ea98107cfcb2b14891168acc6c6c9
  AXSwift: 24508e48dd103399d5e495201a8157a663029b92
  MASShortcut: d9e4909e878661cc42877cc9d6efbe638273ab57
  Preferences: a78dbe5c407afb66408a929d4708f8fd82abad85
  RxCocoa: e2ed092d5432e4296aa818021d27de4090ac0354
  RxRelay: 5a18c2eb2d68326ebaf0112f80d837ae41b92b97
  RxSwift: 915abbdfb62214aa89ccd0b194d44fb478019b27
  Sparkle: 9c328bdcfbcaf8f030c4b678eadfd0fcb03822d8

PODFILE CHECKSUM: 1003c25f02e99aebf398427f76ff5303b706e8e5

COCOAPODS: 1.16.2
